// !$*UTF8*$!
{
	archiveVersion = 1;
	classes = {
	};
	objectVersion = 46;
	objects = {

/* Begin PBXBuildFile section */
		9B75C3C61F85B87E009630D5 /* ForceField.cpp in Sources */ = {isa = PBXBuildFile; fileRef = 9B75C3C51F85B87E009630D5 /* ForceField.cpp */; };
		9B75C3CC1F85BC31009630D5 /* Residue.cpp in Sources */ = {isa = PBXBuildFile; fileRef = 9B75C3CA1F85BC31009630D5 /* Residue.cpp */; };
		9B75C3CF1F85BD0C009630D5 /* Atom.cpp in Sources */ = {isa = PBXBuildFile; fileRef = 9B75C3CD1F85BD0C009630D5 /* Atom.cpp */; };
		9B75C3D61F85C0BD009630D5 /* Chain.cpp in Sources */ = {isa = PBXBuildFile; fileRef = 9B75C3D41F85C0BD009630D5 /* Chain.cpp */; };
		9B75C3DA1F85E8A9009630D5 /* PDBGeometry.cpp in Sources */ = {isa = PBXBuildFile; fileRef = 9B75C3D81F85E8A9009630D5 /* PDBGeometry.cpp */; };
		9B75C3E41F860D4A009630D5 /* tinyxml2.cpp in Sources */ = {isa = PBXBuildFile; fileRef = 9B75C3E21F860D4A009630D5 /* tinyxml2.cpp */; };
		9B9D93871F8543EE00253880 /* main.cpp in Sources */ = {isa = PBXBuildFile; fileRef = 9B9D93861F8543EE00253880 /* main.cpp */; };
		9B9D938E1F8547E700253880 /* OpenCL.framework in Frameworks */ = {isa = PBXBuildFile; fileRef = 9B9D938D1F8547E700253880 /* OpenCL.framework */; };
/* End PBXBuildFile section */

/* Begin PBXCopyFilesBuildPhase section */
		9B9D93811F8543EE00253880 /* CopyFiles */ = {
			isa = PBXCopyFilesBuildPhase;
			buildActionMask = 2147483647;
			dstPath = /usr/share/man/man1/;
			dstSubfolderSpec = 0;
			files = (
			);
			runOnlyForDeploymentPostprocessing = 1;
		};
/* End PBXCopyFilesBuildPhase section */

/* Begin PBXFileReference section */
		9B75C3C41F85B836009630D5 /* ForceField.hpp */ = {isa = PBXFileReference; lastKnownFileType = sourcecode.cpp.h; path = ForceField.hpp; sourceTree = "<group>"; };
		9B75C3C51F85B87E009630D5 /* ForceField.cpp */ = {isa = PBXFileReference; fileEncoding = 4; lastKnownFileType = sourcecode.cpp.cpp; path = ForceField.cpp; sourceTree = "<group>"; };
		9B75C3CA1F85BC31009630D5 /* Residue.cpp */ = {isa = PBXFileReference; fileEncoding = 4; lastKnownFileType = sourcecode.cpp.cpp; path = Residue.cpp; sourceTree = "<group>"; };
		9B75C3CB1F85BC31009630D5 /* Residue.hpp */ = {isa = PBXFileReference; fileEncoding = 4; lastKnownFileType = sourcecode.cpp.h; path = Residue.hpp; sourceTree = "<group>"; };
		9B75C3CD1F85BD0C009630D5 /* Atom.cpp */ = {isa = PBXFileReference; fileEncoding = 4; lastKnownFileType = sourcecode.cpp.cpp; path = Atom.cpp; sourceTree = "<group>"; };
		9B75C3CE1F85BD0C009630D5 /* Atom.hpp */ = {isa = PBXFileReference; fileEncoding = 4; lastKnownFileType = sourcecode.cpp.h; path = Atom.hpp; sourceTree = "<group>"; };
		9B75C3D41F85C0BD009630D5 /* Chain.cpp */ = {isa = PBXFileReference; fileEncoding = 4; lastKnownFileType = sourcecode.cpp.cpp; path = Chain.cpp; sourceTree = "<group>"; };
		9B75C3D51F85C0BD009630D5 /* Chain.hpp */ = {isa = PBXFileReference; fileEncoding = 4; lastKnownFileType = sourcecode.cpp.h; path = Chain.hpp; sourceTree = "<group>"; };
		9B75C3D81F85E8A9009630D5 /* PDBGeometry.cpp */ = {isa = PBXFileReference; fileEncoding = 4; lastKnownFileType = sourcecode.cpp.cpp; path = PDBGeometry.cpp; sourceTree = "<group>"; };
		9B75C3D91F85E8A9009630D5 /* PDBGeometry.hpp */ = {isa = PBXFileReference; fileEncoding = 4; lastKnownFileType = sourcecode.cpp.h; path = PDBGeometry.hpp; sourceTree = "<group>"; };
		9B75C3DB1F860ADB009630D5 /* data */ = {isa = PBXFileReference; lastKnownFileType = folder; path = data; sourceTree = "<group>"; };
		9B75C3E21F860D4A009630D5 /* tinyxml2.cpp */ = {isa = PBXFileReference; fileEncoding = 4; lastKnownFileType = sourcecode.cpp.cpp; path = tinyxml2.cpp; sourceTree = "<group>"; };
		9B75C3E31F860D4A009630D5 /* tinyxml2.h */ = {isa = PBXFileReference; fileEncoding = 4; lastKnownFileType = sourcecode.c.h; path = tinyxml2.h; sourceTree = "<group>"; };
		9B9D93831F8543EE00253880 /* proteintools */ = {isa = PBXFileReference; explicitFileType = "compiled.mach-o.executable"; includeInIndex = 0; path = proteintools; sourceTree = BUILT_PRODUCTS_DIR; };
		9B9D93861F8543EE00253880 /* main.cpp */ = {isa = PBXFileReference; lastKnownFileType = sourcecode.cpp.cpp; path = main.cpp; sourceTree = "<group>"; };
		9B9D938D1F8547E700253880 /* OpenCL.framework */ = {isa = PBXFileReference; lastKnownFileType = wrapper.framework; name = OpenCL.framework; path = System/Library/Frameworks/OpenCL.framework; sourceTree = SDKROOT; };
/* End PBXFileReference section */

/* Begin PBXFrameworksBuildPhase section */
		9B9D93801F8543EE00253880 /* Frameworks */ = {
			isa = PBXFrameworksBuildPhase;
			buildActionMask = 2147483647;
			files = (
				9B9D938E1F8547E700253880 /* OpenCL.framework in Frameworks */,
			);
			runOnlyForDeploymentPostprocessing = 0;
		};
/* End PBXFrameworksBuildPhase section */

/* Begin PBXGroup section */
		9B75C3E11F860D4A009630D5 /* external */ = {
			isa = PBXGroup;
			children = (
				9B75C3E21F860D4A009630D5 /* tinyxml2.cpp */,
				9B75C3E31F860D4A009630D5 /* tinyxml2.h */,
			);
			path = external;
			sourceTree = "<group>";
		};
		9B9D937A1F8543EE00253880 = {
			isa = PBXGroup;
			children = (
				9B9D938D1F8547E700253880 /* OpenCL.framework */,
				9B9D93851F8543EE00253880 /* proteintools */,
				9B9D93841F8543EE00253880 /* Products */,
			);
			sourceTree = "<group>";
		};
		9B9D93841F8543EE00253880 /* Products */ = {
			isa = PBXGroup;
			children = (
				9B9D93831F8543EE00253880 /* proteintools */,
			);
			name = Products;
			sourceTree = "<group>";
		};
		9B9D93851F8543EE00253880 /* proteintools */ = {
			isa = PBXGroup;
			children = (
				9B75C3E11F860D4A009630D5 /* external */,
				9B75C3DB1F860ADB009630D5 /* data */,
				9B75C3CE1F85BD0C009630D5 /* Atom.hpp */,
				9B75C3CD1F85BD0C009630D5 /* Atom.cpp */,
				9B75C3D51F85C0BD009630D5 /* Chain.hpp */,
				9B75C3D41F85C0BD009630D5 /* Chain.cpp */,
				9B75C3C41F85B836009630D5 /* ForceField.hpp */,
				9B75C3C51F85B87E009630D5 /* ForceField.cpp */,
				9B75C3CA1F85BC31009630D5 /* Residue.cpp */,
				9B75C3CB1F85BC31009630D5 /* Residue.hpp */,
				9B75C3D81F85E8A9009630D5 /* PDBGeometry.cpp */,
				9B75C3D91F85E8A9009630D5 /* PDBGeometry.hpp */,
				9B9D93861F8543EE00253880 /* main.cpp */,
			);
			path = proteintools;
			sourceTree = "<group>";
		};
/* End PBXGroup section */

/* Begin PBXNativeTarget section */
		9B9D93821F8543EE00253880 /* proteintools */ = {
			isa = PBXNativeTarget;
			buildConfigurationList = 9B9D938A1F8543EE00253880 /* Build configuration list for PBXNativeTarget "proteintools" */;
			buildPhases = (
				9B9D937F1F8543EE00253880 /* Sources */,
				9B9D93801F8543EE00253880 /* Frameworks */,
				9B9D93811F8543EE00253880 /* CopyFiles */,
			);
			buildRules = (
			);
			dependencies = (
			);
			name = proteintools;
			productName = proteintools;
			productReference = 9B9D93831F8543EE00253880 /* proteintools */;
			productType = "com.apple.product-type.tool";
		};
/* End PBXNativeTarget section */

/* Begin PBXProject section */
		9B9D937B1F8543EE00253880 /* Project object */ = {
			isa = PBXProject;
			attributes = {
				LastUpgradeCheck = 0720;
				ORGANIZATIONNAME = N/A;
				TargetAttributes = {
					9B9D93821F8543EE00253880 = {
						CreatedOnToolsVersion = 7.2.1;
					};
				};
			};
			buildConfigurationList = 9B9D937E1F8543EE00253880 /* Build configuration list for PBXProject "proteintools" */;
			compatibilityVersion = "Xcode 3.2";
			developmentRegion = English;
			hasScannedForEncodings = 0;
			knownRegions = (
				en,
			);
			mainGroup = 9B9D937A1F8543EE00253880;
			productRefGroup = 9B9D93841F8543EE00253880 /* Products */;
			projectDirPath = "";
			projectRoot = "";
			targets = (
				9B9D93821F8543EE00253880 /* proteintools */,
			);
		};
/* End PBXProject section */

/* Begin PBXSourcesBuildPhase section */
		9B9D937F1F8543EE00253880 /* Sources */ = {
			isa = PBXSourcesBuildPhase;
			buildActionMask = 2147483647;
			files = (
				9B75C3DA1F85E8A9009630D5 /* PDBGeometry.cpp in Sources */,
				9B75C3D61F85C0BD009630D5 /* Chain.cpp in Sources */,
				9B75C3CC1F85BC31009630D5 /* Residue.cpp in Sources */,
				9B75C3C61F85B87E009630D5 /* ForceField.cpp in Sources */,
				9B9D93871F8543EE00253880 /* main.cpp in Sources */,
				9B75C3CF1F85BD0C009630D5 /* Atom.cpp in Sources */,
				9B75C3E41F860D4A009630D5 /* tinyxml2.cpp in Sources */,
			);
			runOnlyForDeploymentPostprocessing = 0;
		};
/* End PBXSourcesBuildPhase section */

/* Begin XCBuildConfiguration section */
		9B9D93881F8543EE00253880 /* Debug */ = {
			isa = XCBuildConfiguration;
			buildSettings = {
				ALWAYS_SEARCH_USER_PATHS = NO;
				CLANG_CXX_LANGUAGE_STANDARD = "gnu++0x";
				CLANG_CXX_LIBRARY = "libc++";
				CLANG_ENABLE_MODULES = YES;
				CLANG_ENABLE_OBJC_ARC = YES;
				CLANG_WARN_BOOL_CONVERSION = YES;
				CLANG_WARN_CONSTANT_CONVERSION = YES;
				CLANG_WARN_DIRECT_OBJC_ISA_USAGE = YES_ERROR;
				CLANG_WARN_EMPTY_BODY = YES;
				CLANG_WARN_ENUM_CONVERSION = YES;
				CLANG_WARN_INT_CONVERSION = YES;
				CLANG_WARN_OBJC_ROOT_CLASS = YES_ERROR;
				CLANG_WARN_UNREACHABLE_CODE = YES;
				CLANG_WARN__DUPLICATE_METHOD_MATCH = YES;
				CODE_SIGN_IDENTITY = "-";
				COPY_PHASE_STRIP = NO;
				DEBUG_INFORMATION_FORMAT = dwarf;
				ENABLE_STRICT_OBJC_MSGSEND = YES;
				ENABLE_TESTABILITY = YES;
				GCC_C_LANGUAGE_STANDARD = gnu99;
				GCC_DYNAMIC_NO_PIC = NO;
				GCC_NO_COMMON_BLOCKS = YES;
				GCC_OPTIMIZATION_LEVEL = 0;
				GCC_PREPROCESSOR_DEFINITIONS = (
					"DEBUG=1",
					"$(inherited)",
				);
				GCC_WARN_64_TO_32_BIT_CONVERSION = YES;
				GCC_WARN_ABOUT_RETURN_TYPE = YES_ERROR;
				GCC_WARN_UNDECLARED_SELECTOR = YES;
				GCC_WARN_UNINITIALIZED_AUTOS = YES_AGGRESSIVE;
				GCC_WARN_UNUSED_FUNCTION = YES;
				GCC_WARN_UNUSED_VARIABLE = YES;
				MACOSX_DEPLOYMENT_TARGET = 10.11;
				MTL_ENABLE_DEBUG_INFO = YES;
				ONLY_ACTIVE_ARCH = YES;
				SDKROOT = macosx;
			};
			name = Debug;
		};
		9B9D93891F8543EE00253880 /* Release */ = {
			isa = XCBuildConfiguration;
			buildSettings = {
				ALWAYS_SEARCH_USER_PATHS = NO;
				CLANG_CXX_LANGUAGE_STANDARD = "gnu++0x";
				CLANG_CXX_LIBRARY = "libc++";
				CLANG_ENABLE_MODULES = YES;
				CLANG_ENABLE_OBJC_ARC = YES;
				CLANG_WARN_BOOL_CONVERSION = YES;
				CLANG_WARN_CONSTANT_CONVERSION = YES;
				CLANG_WARN_DIRECT_OBJC_ISA_USAGE = YES_ERROR;
				CLANG_WARN_EMPTY_BODY = YES;
				CLANG_WARN_ENUM_CONVERSION = YES;
				CLANG_WARN_INT_CONVERSION = YES;
				CLANG_WARN_OBJC_ROOT_CLASS = YES_ERROR;
				CLANG_WARN_UNREACHABLE_CODE = YES;
				CLANG_WARN__DUPLICATE_METHOD_MATCH = YES;
				CODE_SIGN_IDENTITY = "-";
				COPY_PHASE_STRIP = NO;
				DEBUG_INFORMATION_FORMAT = "dwarf-with-dsym";
				ENABLE_NS_ASSERTIONS = NO;
				ENABLE_STRICT_OBJC_MSGSEND = YES;
				GCC_C_LANGUAGE_STANDARD = gnu99;
				GCC_NO_COMMON_BLOCKS = YES;
				GCC_WARN_64_TO_32_BIT_CONVERSION = YES;
				GCC_WARN_ABOUT_RETURN_TYPE = YES_ERROR;
				GCC_WARN_UNDECLARED_SELECTOR = YES;
				GCC_WARN_UNINITIALIZED_AUTOS = YES_AGGRESSIVE;
				GCC_WARN_UNUSED_FUNCTION = YES;
				GCC_WARN_UNUSED_VARIABLE = YES;
				MACOSX_DEPLOYMENT_TARGET = 10.11;
				MTL_ENABLE_DEBUG_INFO = NO;
				SDKROOT = macosx;
			};
			name = Release;
		};
		9B9D938B1F8543EE00253880 /* Debug */ = {
			isa = XCBuildConfiguration;
			buildSettings = {
				ALWAYS_SEARCH_USER_PATHS = YES;
				HEADER_SEARCH_PATHS = /usr/local/Cellar/eigen/3.3.4/include/eigen3;
				OTHER_CPLUSPLUSFLAGS = (
					"$(OTHER_CFLAGS)",
					"-I",
					/usr/local/Cellar/eigen/3.3.4/include/eigen3,
				);
				PRODUCT_NAME = "$(TARGET_NAME)";
			};
			name = Debug;
		};
		9B9D938C1F8543EE00253880 /* Release */ = {
			isa = XCBuildConfiguration;
			buildSettings = {
				ALWAYS_SEARCH_USER_PATHS = YES;
				HEADER_SEARCH_PATHS = /usr/local/Cellar/eigen/3.3.4/include/eigen3;
				OTHER_CPLUSPLUSFLAGS = (
					"$(OTHER_CFLAGS)",
					"-I",
					/usr/local/Cellar/eigen/3.3.4/include/eigen3,
				);
				PRODUCT_NAME = "$(TARGET_NAME)";
			};
			name = Release;
		};
/* End XCBuildConfiguration section */

/* Begin XCConfigurationList section */
		9B9D937E1F8543EE00253880 /* Build configuration list for PBXProject "proteintools" */ = {
			isa = XCConfigurationList;
			buildConfigurations = (
				9B9D93881F8543EE00253880 /* Debug */,
				9B9D93891F8543EE00253880 /* Release */,
			);
			defaultConfigurationIsVisible = 0;
			defaultConfigurationName = Release;
		};
		9B9D938A1F8543EE00253880 /* Build configuration list for PBXNativeTarget "proteintools" */ = {
			isa = XCConfigurationList;
			buildConfigurations = (
				9B9D938B1F8543EE00253880 /* Debug */,
				9B9D938C1F8543EE00253880 /* Release */,
			);
			defaultConfigurationIsVisible = 0;
			defaultConfigurationName = Release;
		};
/* End XCConfigurationList section */
	};
	rootObject = 9B9D937B1F8543EE00253880 /* Project object */;
}
